
Microsoft Visual Studio Solution File, Format Version 12.00
# Visual Studio 15
VisualStudioVersion = 15.0.28307.106
MinimumVisualStudioVersion = 10.0.40219.1
Project("{FAE04EC0-301F-11D3-BF4B-00C04F79EFBC}") = "TaskMan", "TaskMan\TaskMan.csproj", "{6322C369-C4B2-405F-958E-3B8526E28FF1}"
EndProject
Project("{FAE04EC0-301F-11D3-BF4B-00C04F79EFBC}") = "TaskManagerWF", "TaskManagerWF\TaskManagerWF.csproj", "{C02E3227-4FC2-4DC4-AFB7-38668E95BBE1}"
EndProject
Global
	GlobalSection(SolutionConfigurationPlatforms) = preSolution
		Debug|Any CPU = Debug|Any CPU
		Release|Any CPU = Release|Any CPU
	EndGlobalSection
	GlobalSection(ProjectConfigurationPlatforms) = postSolution
		{6322C369-C4B2-405F-958E-3B8526E28FF1}.Debug|Any CPU.ActiveCfg = Debug|Any CPU
		{6322C369-C4B2-405F-958E-3B8526E28FF1}.Debug|Any CPU.Build.0 = Debug|Any CPU
		{6322C369-C4B2-405F-958E-3B8526E28FF1}.Release|Any CPU.ActiveCfg = Release|Any CPU
		{6322C369-C4B2-405F-958E-3B8526E28FF1}.Release|Any CPU.Build.0 = Release|Any CPU
		{C02E3227-4FC2-4DC4-AFB7-38668E95BBE1}.Debug|Any CPU.ActiveCfg = Debug|Any CPU
		{C02E3227-4FC2-4DC4-AFB7-38668E95BBE1}.Debug|Any CPU.Build.0 = Debug|Any CPU
		{C02E3227-4FC2-4DC4-AFB7-38668E95BBE1}.Release|Any CPU.ActiveCfg = Release|Any CPU
		{C02E3227-4FC2-4DC4-AFB7-38668E95BBE1}.Release|Any CPU.Build.0 = Release|Any CPU
	EndGlobalSection
	GlobalSection(SolutionProperties) = preSolution
		HideSolutionNode = FALSE
	EndGlobalSection
	GlobalSection(ExtensibilityGlobals) = postSolution
		SolutionGuid = {3ADCE5BA-25E2-4665-891C-0FDE692718E3}
	EndGlobalSection
EndGlobal
